
Microsoft Visual Studio Solution File, Format Version 12.00
# Visual Studio Version 17
VisualStudioVersion = 17.12.35527.113
MinimumVisualStudioVersion = 10.0.40219.1
Project("{FAE04EC0-301F-11D3-BF4B-00C04F79EFBC}") = "Connected.Logictics.Types.Model", "src\Connected.Logictics.Types.Model\Connected.Logictics.Types.Model.csproj", "{33E479C9-ADB6-4393-BBAF-499925F7E40E}"
EndProject
Project("{FAE04EC0-301F-11D3-BF4B-00C04F79EFBC}") = "Connected.Logistics.Stock.Model", "src\Connected.Logistics.Stock.Model\Connected.Logistics.Stock.Model.csproj", "{5EA3C154-6E9D-4084-BD0E-BD9F482F5877}"
EndProject
Project("{FAE04EC0-301F-11D3-BF4B-00C04F79EFBC}") = "Connected.Logictics.Documents.Model", "src\Connected.Logictics.Documents.Model\Connected.Logictics.Documents.Model.csproj", "{A67F322E-C995-4AD1-B09F-F611A723B319}"
EndProject
Project("{FAE04EC0-301F-11D3-BF4B-00C04F79EFBC}") = "Connected.Logictics.Receive.Process", "src\Connected.Logictics.Receive.Process\Connected.Logictics.Receive.Process.csproj", "{87F51130-ECF4-4FBF-979C-D422F79DF95D}"
EndProject
Project("{FAE04EC0-301F-11D3-BF4B-00C04F79EFBC}") = "Connected.Logictics.Stock", "src\Connected.Logictics.Stock\Connected.Logictics.Stock.csproj", "{D9779A0A-0530-47B9-88BA-F4E216E9DEE7}"
EndProject
Project("{FAE04EC0-301F-11D3-BF4B-00C04F79EFBC}") = "Connected.Logictics.Documents.Receive", "src\Connected.Logictics.Documents.Receive\Connected.Logictics.Documents.Receive.csproj", "{CFBA23E2-EB9D-480F-B87A-A42574E41649}"
EndProject
Global
	GlobalSection(SolutionConfigurationPlatforms) = preSolution
		Debug|Any CPU = Debug|Any CPU
		Release|Any CPU = Release|Any CPU
	EndGlobalSection
	GlobalSection(ProjectConfigurationPlatforms) = postSolution
		{33E479C9-ADB6-4393-BBAF-499925F7E40E}.Debug|Any CPU.ActiveCfg = Debug|Any CPU
		{33E479C9-ADB6-4393-BBAF-499925F7E40E}.Debug|Any CPU.Build.0 = Debug|Any CPU
		{33E479C9-ADB6-4393-BBAF-499925F7E40E}.Release|Any CPU.ActiveCfg = Release|Any CPU
		{33E479C9-ADB6-4393-BBAF-499925F7E40E}.Release|Any CPU.Build.0 = Release|Any CPU
		{5EA3C154-6E9D-4084-BD0E-BD9F482F5877}.Debug|Any CPU.ActiveCfg = Debug|Any CPU
		{5EA3C154-6E9D-4084-BD0E-BD9F482F5877}.Debug|Any CPU.Build.0 = Debug|Any CPU
		{5EA3C154-6E9D-4084-BD0E-BD9F482F5877}.Release|Any CPU.ActiveCfg = Release|Any CPU
		{5EA3C154-6E9D-4084-BD0E-BD9F482F5877}.Release|Any CPU.Build.0 = Release|Any CPU
		{A67F322E-C995-4AD1-B09F-F611A723B319}.Debug|Any CPU.ActiveCfg = Debug|Any CPU
		{A67F322E-C995-4AD1-B09F-F611A723B319}.Debug|Any CPU.Build.0 = Debug|Any CPU
		{A67F322E-C995-4AD1-B09F-F611A723B319}.Release|Any CPU.ActiveCfg = Release|Any CPU
		{A67F322E-C995-4AD1-B09F-F611A723B319}.Release|Any CPU.Build.0 = Release|Any CPU
		{87F51130-ECF4-4FBF-979C-D422F79DF95D}.Debug|Any CPU.ActiveCfg = Debug|Any CPU
		{87F51130-ECF4-4FBF-979C-D422F79DF95D}.Debug|Any CPU.Build.0 = Debug|Any CPU
		{87F51130-ECF4-4FBF-979C-D422F79DF95D}.Release|Any CPU.ActiveCfg = Release|Any CPU
		{87F51130-ECF4-4FBF-979C-D422F79DF95D}.Release|Any CPU.Build.0 = Release|Any CPU
		{D9779A0A-0530-47B9-88BA-F4E216E9DEE7}.Debug|Any CPU.ActiveCfg = Debug|Any CPU
		{D9779A0A-0530-47B9-88BA-F4E216E9DEE7}.Debug|Any CPU.Build.0 = Debug|Any CPU
		{D9779A0A-0530-47B9-88BA-F4E216E9DEE7}.Release|Any CPU.ActiveCfg = Release|Any CPU
		{D9779A0A-0530-47B9-88BA-F4E216E9DEE7}.Release|Any CPU.Build.0 = Release|Any CPU
		{CFBA23E2-EB9D-480F-B87A-A42574E41649}.Debug|Any CPU.ActiveCfg = Debug|Any CPU
		{CFBA23E2-EB9D-480F-B87A-A42574E41649}.Debug|Any CPU.Build.0 = Debug|Any CPU
		{CFBA23E2-EB9D-480F-B87A-A42574E41649}.Release|Any CPU.ActiveCfg = Release|Any CPU
		{CFBA23E2-EB9D-480F-B87A-A42574E41649}.Release|Any CPU.Build.0 = Release|Any CPU
	EndGlobalSection
	GlobalSection(SolutionProperties) = preSolution
		HideSolutionNode = FALSE
	EndGlobalSection
EndGlobal
