
Microsoft Visual Studio Solution File, Format Version 12.00
# Visual Studio Version 17
VisualStudioVersion = 17.12.35527.113
MinimumVisualStudioVersion = 10.0.40219.1
Project("{2150E333-8FDC-42A3-9474-1A3956D46DE8}") = "Dependencies", "Dependencies", "{02EA681E-C7D8-13C7-8484-4AC65E1B71E8}"
EndProject
Project("{FAE04EC0-301F-11D3-BF4B-00C04F79EFBC}") = "Connected.Sdk", "..\..\Connected.Core\src\Connected.Sdk\Connected.Sdk.csproj", "{F1D9D342-3FD2-0F6E-F96A-5268EEA13A08}"
EndProject
Project("{FAE04EC0-301F-11D3-BF4B-00C04F79EFBC}") = "Connected.Documents.Sdk", "..\..\Connected.Documents\src\Connected.Documents.Sdk\Connected.Documents.Sdk.csproj", "{FB10D8FB-C30E-C29E-6455-F836BE10CA2E}"
EndProject
Project("{FAE04EC0-301F-11D3-BF4B-00C04F79EFBC}") = "Connected.Logictics.Model", "Connected.Logictics.Model\Connected.Logictics.Model.csproj", "{D68F1D56-A2D2-C017-F5EE-5344D8157896}"
EndProject
Project("{FAE04EC0-301F-11D3-BF4B-00C04F79EFBC}") = "Connected.Logictics", "Connected.Logictics\Connected.Logictics.csproj", "{CA4FDB6F-F6F7-61D6-E5C1-C6E9D57F8410}"
EndProject
Global
	GlobalSection(SolutionConfigurationPlatforms) = preSolution
		Debug|Any CPU = Debug|Any CPU
		Release|Any CPU = Release|Any CPU
	EndGlobalSection
	GlobalSection(ProjectConfigurationPlatforms) = postSolution
		{F1D9D342-3FD2-0F6E-F96A-5268EEA13A08}.Debug|Any CPU.ActiveCfg = Debug|Any CPU
		{F1D9D342-3FD2-0F6E-F96A-5268EEA13A08}.Debug|Any CPU.Build.0 = Debug|Any CPU
		{F1D9D342-3FD2-0F6E-F96A-5268EEA13A08}.Release|Any CPU.ActiveCfg = Release|Any CPU
		{F1D9D342-3FD2-0F6E-F96A-5268EEA13A08}.Release|Any CPU.Build.0 = Release|Any CPU
		{FB10D8FB-C30E-C29E-6455-F836BE10CA2E}.Debug|Any CPU.ActiveCfg = Debug|Any CPU
		{FB10D8FB-C30E-C29E-6455-F836BE10CA2E}.Debug|Any CPU.Build.0 = Debug|Any CPU
		{FB10D8FB-C30E-C29E-6455-F836BE10CA2E}.Release|Any CPU.ActiveCfg = Release|Any CPU
		{FB10D8FB-C30E-C29E-6455-F836BE10CA2E}.Release|Any CPU.Build.0 = Release|Any CPU
		{D68F1D56-A2D2-C017-F5EE-5344D8157896}.Debug|Any CPU.ActiveCfg = Debug|Any CPU
		{D68F1D56-A2D2-C017-F5EE-5344D8157896}.Debug|Any CPU.Build.0 = Debug|Any CPU
		{D68F1D56-A2D2-C017-F5EE-5344D8157896}.Release|Any CPU.ActiveCfg = Release|Any CPU
		{D68F1D56-A2D2-C017-F5EE-5344D8157896}.Release|Any CPU.Build.0 = Release|Any CPU
		{CA4FDB6F-F6F7-61D6-E5C1-C6E9D57F8410}.Debug|Any CPU.ActiveCfg = Debug|Any CPU
		{CA4FDB6F-F6F7-61D6-E5C1-C6E9D57F8410}.Debug|Any CPU.Build.0 = Debug|Any CPU
		{CA4FDB6F-F6F7-61D6-E5C1-C6E9D57F8410}.Release|Any CPU.ActiveCfg = Release|Any CPU
		{CA4FDB6F-F6F7-61D6-E5C1-C6E9D57F8410}.Release|Any CPU.Build.0 = Release|Any CPU
	EndGlobalSection
	GlobalSection(SolutionProperties) = preSolution
		HideSolutionNode = FALSE
	EndGlobalSection
	GlobalSection(NestedProjects) = preSolution
		{F1D9D342-3FD2-0F6E-F96A-5268EEA13A08} = {02EA681E-C7D8-13C7-8484-4AC65E1B71E8}
		{FB10D8FB-C30E-C29E-6455-F836BE10CA2E} = {02EA681E-C7D8-13C7-8484-4AC65E1B71E8}
	EndGlobalSection
	GlobalSection(ExtensibilityGlobals) = postSolution
		SolutionGuid = {35C2E593-F686-433D-9A81-1DAF1D1710FE}
	EndGlobalSection
EndGlobal
